
Microsoft Visual Studio Solution File, Format Version 12.00
# Visual Studio 15
VisualStudioVersion = 15.0.28010.2026
MinimumVisualStudioVersion = 10.0.40219.1
Project("{FAE04EC0-301F-11D3-BF4B-00C04F79EFBC}") = "coseteco-online", "coseteco-online\coseteco-online.csproj", "{ED6AFB89-F2B8-4383-8686-24BCF395C07C}"
EndProject
Global
	GlobalSection(SolutionConfigurationPlatforms) = preSolution
		Debug|Any CPU = Debug|Any CPU
		Release|Any CPU = Release|Any CPU
	EndGlobalSection
	GlobalSection(ProjectConfigurationPlatforms) = postSolution
		{ED6AFB89-F2B8-4383-8686-24BCF395C07C}.Debug|Any CPU.ActiveCfg = Debug|Any CPU
		{ED6AFB89-F2B8-4383-8686-24BCF395C07C}.Debug|Any CPU.Build.0 = Debug|Any CPU
		{ED6AFB89-F2B8-4383-8686-24BCF395C07C}.Release|Any CPU.ActiveCfg = Release|Any CPU
		{ED6AFB89-F2B8-4383-8686-24BCF395C07C}.Release|Any CPU.Build.0 = Release|Any CPU
	EndGlobalSection
	GlobalSection(SolutionProperties) = preSolution
		HideSolutionNode = FALSE
	EndGlobalSection
	GlobalSection(ExtensibilityGlobals) = postSolution
		SolutionGuid = {5FBB91B7-777B-4345-8518-46202434A308}
	EndGlobalSection
EndGlobal
